<?xml version="1.0" encoding="utf-8"?>
<Project ToolsVersion="4.0" xmlns="http://schemas.microsoft.com/developer/msbuild/2003">
  <ItemGroup>
    <Filter Include="Resource Files">
      <UniqueIdentifier>{67DA6AB6-F800-4c08-8B7A-83BB121AAD01}</UniqueIdentifier>
      <Extensions>rc;ico;cur;bmp;dlg;rc2;rct;bin;rgs;gif;jpg;jpeg;jpe;resx;tiff;tif;png;wav;mfcribbon-ms</Extensions>
    </Filter>
    <Filter Include="src">
      <UniqueIdentifier>{ee876855-e744-4078-b784-77a49dfcc4f1}</UniqueIdentifier>
    </Filter>
    <Filter Include="src\components">
      <UniqueIdentifier>{ae75a5a9-a3cd-4938-bc3d-fd6fe0a6ffb1}</UniqueIdentifier>
    </Filter>
    <Filter Include="src\assets">
      <UniqueIdentifier>{60d87002-ad15-41d1-8273-b7a7acb5151a}</UniqueIdentifier>
    </Filter>
    <Filter Include="src\managers">
      <UniqueIdentifier>{20ab2268-6966-4587-b5bd-5e5b759f33ae}</UniqueIdentifier>
    </Filter>
    <Filter Include="src\platform">
      <UniqueIdentifier>{04b05e86-9df9-4128-9286-b859cf4dae30}</UniqueIdentifier>
    </Filter>
    <Filter Include="src\platform\win">
      <UniqueIdentifier>{89e8b1cd-6722-4138-82b7-b3cca8bf99ae}</UniqueIdentifier>
    </Filter>
    <Filter Include="src\model">
      <UniqueIdentifier>{d002104e-14a2-4499-ab54-7e97a0f8b1e8}</UniqueIdentifier>
    </Filter>
    <Filter Include="src\user">
      <UniqueIdentifier>{8a92a346-dcbf-4fca-98d5-03afb9439f99}</UniqueIdentifier>
    </Filter>
    <Filter Include="src\platform\ps2">
      <UniqueIdentifier>{f950506c-c355-4f8f-82ca-a1b7a8be98bc}</UniqueIdentifier>
    </Filter>
    <Filter Include="src\util">
      <UniqueIdentifier>{44eb2c5c-28af-46a0-b6ae-c998837c721a}</UniqueIdentifier>
    </Filter>
  </ItemGroup>
  <ItemGroup>
    <ClInclude Include="MeshComponent.h">
      <Filter>src\components</Filter>
    </ClInclude>
    <ClInclude Include="targetver.h">
      <Filter>src</Filter>
    </ClInclude>
    <ClInclude Include="framework.h">
      <Filter>src</Filter>
    </ClInclude>
    <ClInclude Include="GameObject.h">
      <Filter>src</Filter>
    </ClInclude>
    <ClInclude Include="Resource.h">
      <Filter>src</Filter>
    </ClInclude>
    <ClInclude Include="float2.h">
      <Filter>src</Filter>
    </ClInclude>
    <ClInclude Include="Core.h">
      <Filter>src</Filter>
    </ClInclude>
    <ClInclude Include="AssetMesh.h">
      <Filter>src\assets</Filter>
    </ClInclude>
    <ClInclude Include="GameComponent.h">
      <Filter>src\components</Filter>
    </ClInclude>
    <ClInclude Include="ContentManager.h">
      <Filter>src\managers</Filter>
    </ClInclude>
    <ClInclude Include="SceneManager.h">
      <Filter>src\managers</Filter>
    </ClInclude>
    <ClInclude Include="AssetObject.h">
      <Filter>src\assets</Filter>
    </ClInclude>
    <ClInclude Include="DirectXRenderer.h">
      <Filter>src\platform\win</Filter>
    </ClInclude>
    <ClInclude Include="main.h">
      <Filter>src\platform\win</Filter>
    </ClInclude>
    <ClInclude Include="RenderManager.h">
      <Filter>src\managers</Filter>
    </ClInclude>
    <ClInclude Include="CameraComponent.h">
      <Filter>src\components</Filter>
    </ClInclude>
    <ClInclude Include="ComponentType.h">
      <Filter>src\model</Filter>
    </ClInclude>
    <ClInclude Include="CameraKeyboard.h">
      <Filter>src\user</Filter>
    </ClInclude>
    <ClInclude Include="InputManager.h">
      <Filter>src\managers</Filter>
    </ClInclude>
    <ClInclude Include="DirectInputManager.h">
      <Filter>src\platform\win</Filter>
    </ClInclude>
    <ClInclude Include="LightComponent.h">
      <Filter>src\components</Filter>
    </ClInclude>
    <ClInclude Include="AssetMaterial.h">
      <Filter>src\assets</Filter>
    </ClInclude>
    <ClInclude Include="TyraRenderManager.h">
      <Filter>src\platform\ps2</Filter>
    </ClInclude>
    <ClInclude Include="tutorial_04.hpp">
      <Filter>src\platform\ps2</Filter>
    </ClInclude>
    <ClInclude Include="TyraInputManager.h">
      <Filter>src\platform\ps2</Filter>
    </ClInclude>
    <ClInclude Include="AssetTexture.h">
      <Filter>src\assets</Filter>
    </ClInclude>
    <ClInclude Include="MathUtil.h">
      <Filter>src\util</Filter>
    </ClInclude>
    <ClInclude Include="float3.h">
      <Filter>src</Filter>
    </ClInclude>
    <ClInclude Include="DX_VERTEX.h" />
    <ClInclude Include="float4.h">
      <Filter>src</Filter>
    </ClInclude>
  </ItemGroup>
  <ItemGroup>
    <ClCompile Include="MeshComponent.cpp">
      <Filter>src\components</Filter>
    </ClCompile>
    <ClCompile Include="GameObject.cpp">
      <Filter>src</Filter>
    </ClCompile>
    <ClCompile Include="Core.cpp">
      <Filter>src</Filter>
    </ClCompile>
    <ClCompile Include="AssetMesh.cpp">
      <Filter>src\assets</Filter>
    </ClCompile>
    <ClCompile Include="GameComponent.cpp">
      <Filter>src\components</Filter>
    </ClCompile>
    <ClCompile Include="ContentManager.cpp">
      <Filter>src\managers</Filter>
    </ClCompile>
    <ClCompile Include="SceneManager.cpp">
      <Filter>src\managers</Filter>
    </ClCompile>
    <ClCompile Include="AssetObject.cpp">
      <Filter>src\assets</Filter>
    </ClCompile>
    <ClCompile Include="DirectXRenderer.cpp">
      <Filter>src\platform\win</Filter>
    </ClCompile>
    <ClCompile Include="main.cpp">
      <Filter>src\platform\win</Filter>
    </ClCompile>
    <ClCompile Include="RenderManager.cpp">
      <Filter>src\managers</Filter>
    </ClCompile>
    <ClCompile Include="CameraComponent.cpp">
      <Filter>src\components</Filter>
    </ClCompile>
    <ClCompile Include="ComponentType.cpp">
      <Filter>src\model</Filter>
    </ClCompile>
    <ClCompile Include="CameraKeyboard.cpp">
      <Filter>src\user</Filter>
    </ClCompile>
    <ClCompile Include="InputManager.cpp">
      <Filter>src\managers</Filter>
    </ClCompile>
    <ClCompile Include="DirectInputManager.cpp">
      <Filter>src\platform\win</Filter>
    </ClCompile>
    <ClCompile Include="LightComponent.cpp">
      <Filter>src\components</Filter>
    </ClCompile>
    <ClCompile Include="AssetMaterial.cpp">
      <Filter>src\assets</Filter>
    </ClCompile>
    <ClCompile Include="TyraRenderManager.cpp">
      <Filter>src\platform\ps2</Filter>
    </ClCompile>
    <ClCompile Include="tutorial_04.cpp">
      <Filter>src\platform\ps2</Filter>
    </ClCompile>
    <ClCompile Include="TyraInputManager.cpp">
      <Filter>src\platform\ps2</Filter>
    </ClCompile>
    <ClCompile Include="AssetTexture.cpp">
      <Filter>src\assets</Filter>
    </ClCompile>
    <ClCompile Include="MathUtil.cpp">
      <Filter>src\util</Filter>
    </ClCompile>
    <ClCompile Include="float3.cpp">
      <Filter>src</Filter>
    </ClCompile>
    <ClCompile Include="float4.cpp">
      <Filter>src</Filter>
    </ClCompile>
  </ItemGroup>
  <ItemGroup>
    <ResourceCompile Include="ps2engine.rc">
      <Filter>Resource Files</Filter>
    </ResourceCompile>
  </ItemGroup>
  <ItemGroup>
    <Image Include="small.ico">
      <Filter>Resource Files</Filter>
    </Image>
    <Image Include="ps2engine.ico">
      <Filter>Resource Files</Filter>
    </Image>
  </ItemGroup>
  <ItemGroup>
    <None Include="shaders.shader" />
  </ItemGroup>
</Project>